# This file was autogenerated by Stack.
# You should not edit this file by hand.
# For more information, please see the documentation at:
#   https://docs.haskellstack.org/en/stable/lock_files

packages:
- completed:
    hackage: doctest-0.18.1@sha256:f4d17e8739c2b97a98ec76bcba86f7097c6336bf36def795130cbc02d59b7c6d,7231
    pantry-tree:
      size: 7975
      sha256: 8b79ba765d7d59daee484e1f32e88ce42ccbf628b2bd191ab035cd0e78fb948a
  original:
    hackage: doctest-0.18.1@sha256:f4d17e8739c2b97a98ec76bcba86f7097c6336bf36def795130cbc02d59b7c6d,7231
snapshots:
- completed:
    size: 585392
    url: https://raw.githubusercontent.com/commercialhaskell/stackage-snapshots/master/lts/18/2.yaml
    sha256: 7abb45c0cc5eb349448b66d8753655542d45d387ad26970419282eab3d860724
  original: lts-18.2
